
Microsoft Visual Studio Solution File, Format Version 12.00
# Visual Studio Version 17
VisualStudioVersion = 17.2.32516.85
MinimumVisualStudioVersion = 10.0.40219.1
Project("{FAE04EC0-301F-11D3-BF4B-00C04F79EFBC}") = "Task1", "Task1\Task1.csproj", "{CCB11048-AAB9-4976-9A6C-DE7BDBB9DE47}"
EndProject
Global
	GlobalSection(SolutionConfigurationPlatforms) = preSolution
		Debug|Any CPU = Debug|Any CPU
		Release|Any CPU = Release|Any CPU
	EndGlobalSection
	GlobalSection(ProjectConfigurationPlatforms) = postSolution
		{CCB11048-AAB9-4976-9A6C-DE7BDBB9DE47}.Debug|Any CPU.ActiveCfg = Debug|Any CPU
		{CCB11048-AAB9-4976-9A6C-DE7BDBB9DE47}.Debug|Any CPU.Build.0 = Debug|Any CPU
		{CCB11048-AAB9-4976-9A6C-DE7BDBB9DE47}.Release|Any CPU.ActiveCfg = Release|Any CPU
		{CCB11048-AAB9-4976-9A6C-DE7BDBB9DE47}.Release|Any CPU.Build.0 = Release|Any CPU
	EndGlobalSection
	GlobalSection(SolutionProperties) = preSolution
		HideSolutionNode = FALSE
	EndGlobalSection
	GlobalSection(ExtensibilityGlobals) = postSolution
		SolutionGuid = {B1EAB9AC-1696-4183-A07E-8E9F969AA089}
	EndGlobalSection
EndGlobal
