
Microsoft Visual Studio Solution File, Format Version 12.00
# Visual Studio Version 17
VisualStudioVersion = 17.2.32516.85
MinimumVisualStudioVersion = 10.0.40219.1
Project("{FAE04EC0-301F-11D3-BF4B-00C04F79EFBC}") = "Task5", "Task5.csproj", "{999FDE0E-6194-48D6-8FB1-9BB5AF1F5DA9}"
EndProject
Global
	GlobalSection(SolutionConfigurationPlatforms) = preSolution
		Debug|Any CPU = Debug|Any CPU
		Release|Any CPU = Release|Any CPU
	EndGlobalSection
	GlobalSection(ProjectConfigurationPlatforms) = postSolution
		{999FDE0E-6194-48D6-8FB1-9BB5AF1F5DA9}.Debug|Any CPU.ActiveCfg = Debug|Any CPU
		{999FDE0E-6194-48D6-8FB1-9BB5AF1F5DA9}.Debug|Any CPU.Build.0 = Debug|Any CPU
		{999FDE0E-6194-48D6-8FB1-9BB5AF1F5DA9}.Release|Any CPU.ActiveCfg = Release|Any CPU
		{999FDE0E-6194-48D6-8FB1-9BB5AF1F5DA9}.Release|Any CPU.Build.0 = Release|Any CPU
	EndGlobalSection
	GlobalSection(SolutionProperties) = preSolution
		HideSolutionNode = FALSE
	EndGlobalSection
	GlobalSection(ExtensibilityGlobals) = postSolution
		SolutionGuid = {1E5B2545-E8AA-4569-B7A2-252A397DB944}
	EndGlobalSection
EndGlobal
